
Microsoft Visual Studio Solution File, Format Version 12.00
# Visual Studio 14
VisualStudioVersion = 14.0.25420.1
MinimumVisualStudioVersion = 10.0.40219.1
Project("{FAE04EC0-301F-11D3-BF4B-00C04F79EFBC}") = "RechData", "RechData\RechData.csproj", "{C6F23B35-5DEB-4956-8051-8DA8D398871B}"
EndProject
Project("{FAE04EC0-301F-11D3-BF4B-00C04F79EFBC}") = "RechData.Tests", "RechData.Tests\RechData.Tests.csproj", "{652F25B1-37CC-4D38-A713-40BFCCE0FAE9}"
EndProject
Project("{FAE04EC0-301F-11D3-BF4B-00C04F79EFBC}") = "ReactDemo", "ReactDemo\ReactDemo.csproj", "{3349EBFD-0060-4409-92C4-86024BABA0BA}"
EndProject
Project("{FAE04EC0-301F-11D3-BF4B-00C04F79EFBC}") = "ReactReference", "ReactReference\ReactReference.csproj", "{485174F7-4CF0-487A-937A-768F1B40DD01}"
EndProject
Global
	GlobalSection(SolutionConfigurationPlatforms) = preSolution
		Debug|Any CPU = Debug|Any CPU
		Release|Any CPU = Release|Any CPU
	EndGlobalSection
	GlobalSection(ProjectConfigurationPlatforms) = postSolution
		{C6F23B35-5DEB-4956-8051-8DA8D398871B}.Debug|Any CPU.ActiveCfg = Debug|Any CPU
		{C6F23B35-5DEB-4956-8051-8DA8D398871B}.Debug|Any CPU.Build.0 = Debug|Any CPU
		{C6F23B35-5DEB-4956-8051-8DA8D398871B}.Release|Any CPU.ActiveCfg = Release|Any CPU
		{C6F23B35-5DEB-4956-8051-8DA8D398871B}.Release|Any CPU.Build.0 = Release|Any CPU
		{652F25B1-37CC-4D38-A713-40BFCCE0FAE9}.Debug|Any CPU.ActiveCfg = Debug|Any CPU
		{652F25B1-37CC-4D38-A713-40BFCCE0FAE9}.Debug|Any CPU.Build.0 = Debug|Any CPU
		{652F25B1-37CC-4D38-A713-40BFCCE0FAE9}.Release|Any CPU.ActiveCfg = Release|Any CPU
		{652F25B1-37CC-4D38-A713-40BFCCE0FAE9}.Release|Any CPU.Build.0 = Release|Any CPU
		{3349EBFD-0060-4409-92C4-86024BABA0BA}.Debug|Any CPU.ActiveCfg = Debug|Any CPU
		{3349EBFD-0060-4409-92C4-86024BABA0BA}.Debug|Any CPU.Build.0 = Debug|Any CPU
		{3349EBFD-0060-4409-92C4-86024BABA0BA}.Release|Any CPU.ActiveCfg = Release|Any CPU
		{3349EBFD-0060-4409-92C4-86024BABA0BA}.Release|Any CPU.Build.0 = Release|Any CPU
		{485174F7-4CF0-487A-937A-768F1B40DD01}.Debug|Any CPU.ActiveCfg = Debug|Any CPU
		{485174F7-4CF0-487A-937A-768F1B40DD01}.Debug|Any CPU.Build.0 = Debug|Any CPU
		{485174F7-4CF0-487A-937A-768F1B40DD01}.Release|Any CPU.ActiveCfg = Release|Any CPU
		{485174F7-4CF0-487A-937A-768F1B40DD01}.Release|Any CPU.Build.0 = Release|Any CPU
	EndGlobalSection
	GlobalSection(SolutionProperties) = preSolution
		HideSolutionNode = FALSE
	EndGlobalSection
EndGlobal
